
Microsoft Visual Studio Solution File, Format Version 12.00
# Visual Studio Version 17
VisualStudioVersion = 17.9.34902.65
MinimumVisualStudioVersion = 10.0.40219.1
Project("{FAE04EC0-301F-11D3-BF4B-00C04F79EFBC}") = "AspNetPractice", "AspNetPractice\AspNetPractice.csproj", "{D40BB4F1-B56D-47F3-BD52-28626DE7DA00}"
EndProject
Global
	GlobalSection(SolutionConfigurationPlatforms) = preSolution
		Debug|Any CPU = Debug|Any CPU
		Release|Any CPU = Release|Any CPU
	EndGlobalSection
	GlobalSection(ProjectConfigurationPlatforms) = postSolution
		{D40BB4F1-B56D-47F3-BD52-28626DE7DA00}.Debug|Any CPU.ActiveCfg = Debug|Any CPU
		{D40BB4F1-B56D-47F3-BD52-28626DE7DA00}.Debug|Any CPU.Build.0 = Debug|Any CPU
		{D40BB4F1-B56D-47F3-BD52-28626DE7DA00}.Release|Any CPU.ActiveCfg = Release|Any CPU
		{D40BB4F1-B56D-47F3-BD52-28626DE7DA00}.Release|Any CPU.Build.0 = Release|Any CPU
	EndGlobalSection
	GlobalSection(SolutionProperties) = preSolution
		HideSolutionNode = FALSE
	EndGlobalSection
	GlobalSection(ExtensibilityGlobals) = postSolution
		SolutionGuid = {B755BE03-48C2-4B95-9599-EAE71C00B9A8}
	EndGlobalSection
EndGlobal
